
Microsoft Visual Studio Solution File, Format Version 12.00
# Visual Studio Version 16
VisualStudioVersion = 16.0.31729.503
MinimumVisualStudioVersion = 10.0.40219.1
Project("{888888A0-9F3D-457C-B088-3A5042F75D52}") = "European countries", "European countries\European countries.pyproj", "{BBF04E53-0CEF-48B0-A8B3-2864A7CE4F1A}"
EndProject
Global
	GlobalSection(SolutionConfigurationPlatforms) = preSolution
		Debug|Any CPU = Debug|Any CPU
		Release|Any CPU = Release|Any CPU
	EndGlobalSection
	GlobalSection(ProjectConfigurationPlatforms) = postSolution
		{BBF04E53-0CEF-48B0-A8B3-2864A7CE4F1A}.Debug|Any CPU.ActiveCfg = Debug|Any CPU
		{BBF04E53-0CEF-48B0-A8B3-2864A7CE4F1A}.Release|Any CPU.ActiveCfg = Release|Any CPU
	EndGlobalSection
	GlobalSection(SolutionProperties) = preSolution
		HideSolutionNode = FALSE
	EndGlobalSection
	GlobalSection(ExtensibilityGlobals) = postSolution
		SolutionGuid = {D71D9472-D931-4FB6-A678-3228973475AB}
	EndGlobalSection
EndGlobal
